
Microsoft Visual Studio Solution File, Format Version 12.00
# Visual Studio Version 17
VisualStudioVersion = 17.11.35303.130
MinimumVisualStudioVersion = 10.0.40219.1
Project("{2150E333-8FDC-42A3-9474-1A3956D46DE8}") = "Task0", "Task0", "{881E652B-90C0-4A1D-AC12-82FFCDC854A2}"
EndProject
Project("{9A19103F-16F7-4668-BE54-9A1E7A4F7556}") = "Tyuiu.BabaiKV.Sprint3.Task0.V4", "Tyuiu.BabaiKV.Sprint3.Task0.V4\Tyuiu.BabaiKV.Sprint3.Task0.V4.csproj", "{3A896E5D-9402-4389-BFCD-717AB60E547D}"
EndProject
Project("{9A19103F-16F7-4668-BE54-9A1E7A4F7556}") = "Tyuiu.BabaiKV.Sprint3.Task0.V4.Lib", "Tyuiu.BabaiKV.Sprint3.Task0.V4.Lib\Tyuiu.BabaiKV.Sprint3.Task0.V4.Lib.csproj", "{B4EEB5FC-A6C2-45EF-9B23-3811F2823B01}"
EndProject
Project("{9A19103F-16F7-4668-BE54-9A1E7A4F7556}") = "Tyuiu.BabaiKV.Sprint3.Task0.V4.Test", "Tyuiu.BabaiKV.Sprint3.Task0.V4.Test\Tyuiu.BabaiKV.Sprint3.Task0.V4.Test.csproj", "{7EC10EC4-16CC-4551-8B0B-B8EBCE17FCDB}"
EndProject
Project("{2150E333-8FDC-42A3-9474-1A3956D46DE8}") = "Task1", "Task1", "{5130414E-685F-4568-A6B8-EC278FC32E88}"
EndProject
Project("{9A19103F-16F7-4668-BE54-9A1E7A4F7556}") = "Tyuiu.BabaiKV.Sprint3.Task1.V6", "Tyuiu.BabaiKV.Sprint3.Task1.V6\Tyuiu.BabaiKV.Sprint3.Task1.V6.csproj", "{33982018-1DB2-4ECB-A7B7-4A4405FA27C0}"
EndProject
Project("{9A19103F-16F7-4668-BE54-9A1E7A4F7556}") = "Tyuiu.BabaiKV.Sprint3.Task1.V6.Lib", "Tyuiu.BabaiKV.Sprint3.Task1.V6.Lib\Tyuiu.BabaiKV.Sprint3.Task1.V6.Lib.csproj", "{D64B4EB7-53E7-4540-B919-F04CBF5E9CCA}"
EndProject
Project("{9A19103F-16F7-4668-BE54-9A1E7A4F7556}") = "Tyuiu.BabaiKV.Sprint3.Task1.V6.Test", "Tyuiu.BabaiKV.Sprint3.Task1.V6.Test\Tyuiu.BabaiKV.Sprint3.Task1.V6.Test.csproj", "{18B0BF0B-9F98-492E-81B2-774ADA444E47}"
EndProject
Project("{2150E333-8FDC-42A3-9474-1A3956D46DE8}") = "Task2", "Task2", "{2C1CF0BD-714F-4B62-A96C-5BA46936CE79}"
EndProject
Project("{9A19103F-16F7-4668-BE54-9A1E7A4F7556}") = "Tyuiu.BabaiKV.Sprint3.Task2.V13", "Tyuiu.BabaiKV.Sprint3.Task2.V13\Tyuiu.BabaiKV.Sprint3.Task2.V13.csproj", "{B03529E2-2D6E-40EF-BBFD-7288B2715DC0}"
EndProject
Project("{9A19103F-16F7-4668-BE54-9A1E7A4F7556}") = "Tyuiu.BabaiKV.Sprint3.Task2.V13.Lib", "Tyuiu.BabaiKV.Sprint3.Task2.V13.Lib\Tyuiu.BabaiKV.Sprint3.Task2.V13.Lib.csproj", "{65176B1A-DCC2-4E33-8391-202706D1720E}"
EndProject
Project("{9A19103F-16F7-4668-BE54-9A1E7A4F7556}") = "Tyuiu.BabaiKV.Sprint3.Task2.V13.Test", "Tyuiu.BabaiKV.Sprint3.Task2.V13.Test\Tyuiu.BabaiKV.Sprint3.Task2.V13.Test.csproj", "{4F676572-E764-4EE8-8E9C-630A66C4DF1A}"
EndProject
Project("{2150E333-8FDC-42A3-9474-1A3956D46DE8}") = "Task3", "Task3", "{5CEFDACF-299D-460D-B2E4-CDED8B46C145}"
EndProject
Project("{FAE04EC0-301F-11D3-BF4B-00C04F79EFBC}") = "Tyuiu.BabaiKV.Sprint3.Task3.V21", "Tyuiu.BabaiKV.Sprint3.Task3.V21\Tyuiu.BabaiKV.Sprint3.Task3.V21.csproj", "{126614C1-23F8-42E1-B7B3-432AF264F67D}"
EndProject
Project("{FAE04EC0-301F-11D3-BF4B-00C04F79EFBC}") = "Tyuiu.BabaiKV.Sprint3.Task3.V21.Lib", "Tyuiu.BabaiKV.Sprint3.Task3.V21.Lib\Tyuiu.BabaiKV.Sprint3.Task3.V21.Lib.csproj", "{20DF41A7-6D70-46DD-8B44-356EB198FEFD}"
EndProject
Project("{FAE04EC0-301F-11D3-BF4B-00C04F79EFBC}") = "Tyuiu.BabaiKV.Sprint3.Task3.V21.Tast", "Tyuiu.BabaiKV.Sprint3.Task3.V21.Tast\Tyuiu.BabaiKV.Sprint3.Task3.V21.Tast.csproj", "{4ACC184C-13EF-4DA7-8043-F331D98A4EC4}"
EndProject
Global
	GlobalSection(SolutionConfigurationPlatforms) = preSolution
		Debug|Any CPU = Debug|Any CPU
		Release|Any CPU = Release|Any CPU
	EndGlobalSection
	GlobalSection(ProjectConfigurationPlatforms) = postSolution
		{3A896E5D-9402-4389-BFCD-717AB60E547D}.Debug|Any CPU.ActiveCfg = Debug|Any CPU
		{3A896E5D-9402-4389-BFCD-717AB60E547D}.Debug|Any CPU.Build.0 = Debug|Any CPU
		{3A896E5D-9402-4389-BFCD-717AB60E547D}.Release|Any CPU.ActiveCfg = Release|Any CPU
		{3A896E5D-9402-4389-BFCD-717AB60E547D}.Release|Any CPU.Build.0 = Release|Any CPU
		{B4EEB5FC-A6C2-45EF-9B23-3811F2823B01}.Debug|Any CPU.ActiveCfg = Debug|Any CPU
		{B4EEB5FC-A6C2-45EF-9B23-3811F2823B01}.Debug|Any CPU.Build.0 = Debug|Any CPU
		{B4EEB5FC-A6C2-45EF-9B23-3811F2823B01}.Release|Any CPU.ActiveCfg = Release|Any CPU
		{B4EEB5FC-A6C2-45EF-9B23-3811F2823B01}.Release|Any CPU.Build.0 = Release|Any CPU
		{7EC10EC4-16CC-4551-8B0B-B8EBCE17FCDB}.Debug|Any CPU.ActiveCfg = Debug|Any CPU
		{7EC10EC4-16CC-4551-8B0B-B8EBCE17FCDB}.Debug|Any CPU.Build.0 = Debug|Any CPU
		{7EC10EC4-16CC-4551-8B0B-B8EBCE17FCDB}.Release|Any CPU.ActiveCfg = Release|Any CPU
		{7EC10EC4-16CC-4551-8B0B-B8EBCE17FCDB}.Release|Any CPU.Build.0 = Release|Any CPU
		{33982018-1DB2-4ECB-A7B7-4A4405FA27C0}.Debug|Any CPU.ActiveCfg = Debug|Any CPU
		{33982018-1DB2-4ECB-A7B7-4A4405FA27C0}.Debug|Any CPU.Build.0 = Debug|Any CPU
		{33982018-1DB2-4ECB-A7B7-4A4405FA27C0}.Release|Any CPU.ActiveCfg = Release|Any CPU
		{33982018-1DB2-4ECB-A7B7-4A4405FA27C0}.Release|Any CPU.Build.0 = Release|Any CPU
		{D64B4EB7-53E7-4540-B919-F04CBF5E9CCA}.Debug|Any CPU.ActiveCfg = Debug|Any CPU
		{D64B4EB7-53E7-4540-B919-F04CBF5E9CCA}.Debug|Any CPU.Build.0 = Debug|Any CPU
		{D64B4EB7-53E7-4540-B919-F04CBF5E9CCA}.Release|Any CPU.ActiveCfg = Release|Any CPU
		{D64B4EB7-53E7-4540-B919-F04CBF5E9CCA}.Release|Any CPU.Build.0 = Release|Any CPU
		{18B0BF0B-9F98-492E-81B2-774ADA444E47}.Debug|Any CPU.ActiveCfg = Debug|Any CPU
		{18B0BF0B-9F98-492E-81B2-774ADA444E47}.Debug|Any CPU.Build.0 = Debug|Any CPU
		{18B0BF0B-9F98-492E-81B2-774ADA444E47}.Release|Any CPU.ActiveCfg = Release|Any CPU
		{18B0BF0B-9F98-492E-81B2-774ADA444E47}.Release|Any CPU.Build.0 = Release|Any CPU
		{B03529E2-2D6E-40EF-BBFD-7288B2715DC0}.Debug|Any CPU.ActiveCfg = Debug|Any CPU
		{B03529E2-2D6E-40EF-BBFD-7288B2715DC0}.Debug|Any CPU.Build.0 = Debug|Any CPU
		{B03529E2-2D6E-40EF-BBFD-7288B2715DC0}.Release|Any CPU.ActiveCfg = Release|Any CPU
		{B03529E2-2D6E-40EF-BBFD-7288B2715DC0}.Release|Any CPU.Build.0 = Release|Any CPU
		{65176B1A-DCC2-4E33-8391-202706D1720E}.Debug|Any CPU.ActiveCfg = Debug|Any CPU
		{65176B1A-DCC2-4E33-8391-202706D1720E}.Debug|Any CPU.Build.0 = Debug|Any CPU
		{65176B1A-DCC2-4E33-8391-202706D1720E}.Release|Any CPU.ActiveCfg = Release|Any CPU
		{65176B1A-DCC2-4E33-8391-202706D1720E}.Release|Any CPU.Build.0 = Release|Any CPU
		{4F676572-E764-4EE8-8E9C-630A66C4DF1A}.Debug|Any CPU.ActiveCfg = Debug|Any CPU
		{4F676572-E764-4EE8-8E9C-630A66C4DF1A}.Debug|Any CPU.Build.0 = Debug|Any CPU
		{4F676572-E764-4EE8-8E9C-630A66C4DF1A}.Release|Any CPU.ActiveCfg = Release|Any CPU
		{4F676572-E764-4EE8-8E9C-630A66C4DF1A}.Release|Any CPU.Build.0 = Release|Any CPU
		{126614C1-23F8-42E1-B7B3-432AF264F67D}.Debug|Any CPU.ActiveCfg = Debug|Any CPU
		{126614C1-23F8-42E1-B7B3-432AF264F67D}.Debug|Any CPU.Build.0 = Debug|Any CPU
		{126614C1-23F8-42E1-B7B3-432AF264F67D}.Release|Any CPU.ActiveCfg = Release|Any CPU
		{126614C1-23F8-42E1-B7B3-432AF264F67D}.Release|Any CPU.Build.0 = Release|Any CPU
		{20DF41A7-6D70-46DD-8B44-356EB198FEFD}.Debug|Any CPU.ActiveCfg = Debug|Any CPU
		{20DF41A7-6D70-46DD-8B44-356EB198FEFD}.Debug|Any CPU.Build.0 = Debug|Any CPU
		{20DF41A7-6D70-46DD-8B44-356EB198FEFD}.Release|Any CPU.ActiveCfg = Release|Any CPU
		{20DF41A7-6D70-46DD-8B44-356EB198FEFD}.Release|Any CPU.Build.0 = Release|Any CPU
		{4ACC184C-13EF-4DA7-8043-F331D98A4EC4}.Debug|Any CPU.ActiveCfg = Debug|Any CPU
		{4ACC184C-13EF-4DA7-8043-F331D98A4EC4}.Debug|Any CPU.Build.0 = Debug|Any CPU
		{4ACC184C-13EF-4DA7-8043-F331D98A4EC4}.Release|Any CPU.ActiveCfg = Release|Any CPU
		{4ACC184C-13EF-4DA7-8043-F331D98A4EC4}.Release|Any CPU.Build.0 = Release|Any CPU
	EndGlobalSection
	GlobalSection(SolutionProperties) = preSolution
		HideSolutionNode = FALSE
	EndGlobalSection
	GlobalSection(NestedProjects) = preSolution
		{3A896E5D-9402-4389-BFCD-717AB60E547D} = {881E652B-90C0-4A1D-AC12-82FFCDC854A2}
		{B4EEB5FC-A6C2-45EF-9B23-3811F2823B01} = {881E652B-90C0-4A1D-AC12-82FFCDC854A2}
		{7EC10EC4-16CC-4551-8B0B-B8EBCE17FCDB} = {881E652B-90C0-4A1D-AC12-82FFCDC854A2}
		{33982018-1DB2-4ECB-A7B7-4A4405FA27C0} = {5130414E-685F-4568-A6B8-EC278FC32E88}
		{D64B4EB7-53E7-4540-B919-F04CBF5E9CCA} = {5130414E-685F-4568-A6B8-EC278FC32E88}
		{18B0BF0B-9F98-492E-81B2-774ADA444E47} = {5130414E-685F-4568-A6B8-EC278FC32E88}
		{B03529E2-2D6E-40EF-BBFD-7288B2715DC0} = {2C1CF0BD-714F-4B62-A96C-5BA46936CE79}
		{65176B1A-DCC2-4E33-8391-202706D1720E} = {2C1CF0BD-714F-4B62-A96C-5BA46936CE79}
		{4F676572-E764-4EE8-8E9C-630A66C4DF1A} = {2C1CF0BD-714F-4B62-A96C-5BA46936CE79}
		{126614C1-23F8-42E1-B7B3-432AF264F67D} = {5CEFDACF-299D-460D-B2E4-CDED8B46C145}
		{20DF41A7-6D70-46DD-8B44-356EB198FEFD} = {5CEFDACF-299D-460D-B2E4-CDED8B46C145}
		{4ACC184C-13EF-4DA7-8043-F331D98A4EC4} = {5CEFDACF-299D-460D-B2E4-CDED8B46C145}
	EndGlobalSection
	GlobalSection(ExtensibilityGlobals) = postSolution
		SolutionGuid = {5D584EB4-18A4-424F-8EEF-602D19FBB673}
	EndGlobalSection
EndGlobal
